
Microsoft Visual Studio Solution File, Format Version 12.00
# Visual Studio Version 17
VisualStudioVersion = 17.4.33205.214
MinimumVisualStudioVersion = 10.0.40219.1
Project("{9A19103F-16F7-4668-BE54-9A1E7A4F7556}") = "Emoji.Wpf", "Emoji.Wpf\Emoji.Wpf.csproj", "{6A9C0AD6-14F7-451A-A0D4-38987A275F0D}"
EndProject
Project("{9A19103F-16F7-4668-BE54-9A1E7A4F7556}") = "Demo", "Samples\Demo\Demo.csproj", "{4C358318-FF04-4FF7-9F5C-18165927A7E2}"
EndProject
Project("{9A19103F-16F7-4668-BE54-9A1E7A4F7556}") = "Tiny", "Samples\Tiny\Tiny.csproj", "{A1AD34BF-A47B-42D2-B9DB-DF382B1D8F0C}"
EndProject
Project("{9A19103F-16F7-4668-BE54-9A1E7A4F7556}") = "FontViewer", "Samples\FontViewer\FontViewer.csproj", "{7F68102E-00A3-4E83-8DA8-0F9CF736ED2C}"
EndProject
Project("{9A19103F-16F7-4668-BE54-9A1E7A4F7556}") = "Tests", "Tests\Tests.csproj", "{00F1DBB1-6BF8-43DE-AA15-57A043E34F45}"
EndProject
Project("{2150E333-8FDC-42A3-9474-1A3956D46DE8}") = "Samples", "Samples", "{FA82A6BE-C599-4137-A383-5FCB586243C1}"
EndProject
Project("{9A19103F-16F7-4668-BE54-9A1E7A4F7556}") = "LoremIpsum", "Samples\LoremIpsum\LoremIpsum.csproj", "{5ED625A2-A769-4FB0-8E35-4B836CDA843D}"
EndProject
Global
	GlobalSection(SolutionConfigurationPlatforms) = preSolution
		Debug|Any CPU = Debug|Any CPU
		Release|Any CPU = Release|Any CPU
	EndGlobalSection
	GlobalSection(ProjectConfigurationPlatforms) = postSolution
		{6A9C0AD6-14F7-451A-A0D4-38987A275F0D}.Debug|Any CPU.ActiveCfg = Debug|Any CPU
		{6A9C0AD6-14F7-451A-A0D4-38987A275F0D}.Debug|Any CPU.Build.0 = Debug|Any CPU
		{6A9C0AD6-14F7-451A-A0D4-38987A275F0D}.Release|Any CPU.ActiveCfg = Release|Any CPU
		{6A9C0AD6-14F7-451A-A0D4-38987A275F0D}.Release|Any CPU.Build.0 = Release|Any CPU
		{4C358318-FF04-4FF7-9F5C-18165927A7E2}.Debug|Any CPU.ActiveCfg = Debug|Any CPU
		{4C358318-FF04-4FF7-9F5C-18165927A7E2}.Debug|Any CPU.Build.0 = Debug|Any CPU
		{4C358318-FF04-4FF7-9F5C-18165927A7E2}.Release|Any CPU.ActiveCfg = Release|Any CPU
		{4C358318-FF04-4FF7-9F5C-18165927A7E2}.Release|Any CPU.Build.0 = Release|Any CPU
		{A1AD34BF-A47B-42D2-B9DB-DF382B1D8F0C}.Debug|Any CPU.ActiveCfg = Debug|Any CPU
		{A1AD34BF-A47B-42D2-B9DB-DF382B1D8F0C}.Debug|Any CPU.Build.0 = Debug|Any CPU
		{A1AD34BF-A47B-42D2-B9DB-DF382B1D8F0C}.Release|Any CPU.ActiveCfg = Release|Any CPU
		{A1AD34BF-A47B-42D2-B9DB-DF382B1D8F0C}.Release|Any CPU.Build.0 = Release|Any CPU
		{7F68102E-00A3-4E83-8DA8-0F9CF736ED2C}.Debug|Any CPU.ActiveCfg = Debug|Any CPU
		{7F68102E-00A3-4E83-8DA8-0F9CF736ED2C}.Debug|Any CPU.Build.0 = Debug|Any CPU
		{7F68102E-00A3-4E83-8DA8-0F9CF736ED2C}.Release|Any CPU.ActiveCfg = Release|Any CPU
		{7F68102E-00A3-4E83-8DA8-0F9CF736ED2C}.Release|Any CPU.Build.0 = Release|Any CPU
		{00F1DBB1-6BF8-43DE-AA15-57A043E34F45}.Debug|Any CPU.ActiveCfg = Debug|Any CPU
		{00F1DBB1-6BF8-43DE-AA15-57A043E34F45}.Debug|Any CPU.Build.0 = Debug|Any CPU
		{00F1DBB1-6BF8-43DE-AA15-57A043E34F45}.Release|Any CPU.ActiveCfg = Release|Any CPU
		{00F1DBB1-6BF8-43DE-AA15-57A043E34F45}.Release|Any CPU.Build.0 = Release|Any CPU
		{5ED625A2-A769-4FB0-8E35-4B836CDA843D}.Debug|Any CPU.ActiveCfg = Debug|Any CPU
		{5ED625A2-A769-4FB0-8E35-4B836CDA843D}.Debug|Any CPU.Build.0 = Debug|Any CPU
		{5ED625A2-A769-4FB0-8E35-4B836CDA843D}.Release|Any CPU.ActiveCfg = Release|Any CPU
		{5ED625A2-A769-4FB0-8E35-4B836CDA843D}.Release|Any CPU.Build.0 = Release|Any CPU
	EndGlobalSection
	GlobalSection(SolutionProperties) = preSolution
		HideSolutionNode = FALSE
	EndGlobalSection
	GlobalSection(NestedProjects) = preSolution
		{4C358318-FF04-4FF7-9F5C-18165927A7E2} = {FA82A6BE-C599-4137-A383-5FCB586243C1}
		{A1AD34BF-A47B-42D2-B9DB-DF382B1D8F0C} = {FA82A6BE-C599-4137-A383-5FCB586243C1}
		{7F68102E-00A3-4E83-8DA8-0F9CF736ED2C} = {FA82A6BE-C599-4137-A383-5FCB586243C1}
		{5ED625A2-A769-4FB0-8E35-4B836CDA843D} = {FA82A6BE-C599-4137-A383-5FCB586243C1}
	EndGlobalSection
	GlobalSection(ExtensibilityGlobals) = postSolution
		SolutionGuid = {89E7F359-04D7-406C-956E-381B22D44170}
	EndGlobalSection
EndGlobal
