
Microsoft Visual Studio Solution File, Format Version 12.00
# Visual Studio Version 17
VisualStudioVersion = 17.4.33205.214
MinimumVisualStudioVersion = 10.0.40219.1
Project("{9A19103F-16F7-4668-BE54-9A1E7A4F7556}") = "Tests", "Tests\Tests.csproj", "{00F1DBB1-6BF8-43DE-AA15-57A043E34F45}"
EndProject
Project("{2150E333-8FDC-42A3-9474-1A3956D46DE8}") = "Samples", "Samples", "{FA82A6BE-C599-4137-A383-5FCB586243C1}"
EndProject
Project("{9A19103F-16F7-4668-BE54-9A1E7A4F7556}") = "iNKORE.UI.WPF.Emojis", "source\iNKORE.UI.WPF.Emojis\iNKORE.UI.WPF.Emojis.csproj", "{2B366078-A593-4A0C-962A-4BD47E92F690}"
EndProject
Project("{9A19103F-16F7-4668-BE54-9A1E7A4F7556}") = "Demo", "source\samples\Demo\Demo.csproj", "{4C856D42-5CAC-4807-B17D-03593A831C46}"
EndProject
Project("{9A19103F-16F7-4668-BE54-9A1E7A4F7556}") = "FontViewer", "source\samples\FontViewer\FontViewer.csproj", "{23EA127C-FA5F-4C34-982B-FE943732408E}"
EndProject
Project("{9A19103F-16F7-4668-BE54-9A1E7A4F7556}") = "LoremIpsum", "source\samples\LoremIpsum\LoremIpsum.csproj", "{9EEDA535-DB37-4A49-BFB6-8BF05C825BA5}"
EndProject
Project("{9A19103F-16F7-4668-BE54-9A1E7A4F7556}") = "Tiny", "source\samples\Tiny\Tiny.csproj", "{6D915265-10E6-415F-BD06-DCC3F4BE99DE}"
EndProject
Project("{2150E333-8FDC-42A3-9474-1A3956D46DE8}") = "Assets", "Assets", "{939973C6-0BC5-456A-8E10-B65CC2A78434}"
EndProject
Project("{2150E333-8FDC-42A3-9474-1A3956D46DE8}") = "Misc", "Misc", "{63E7465B-B196-46F6-87DE-F4599B2013AB}"
	ProjectSection(SolutionItems) = preProject
		assets\misc\iNKORE.Pulic.snk = assets\misc\iNKORE.Pulic.snk
	EndProjectSection
EndProject
Project("{2150E333-8FDC-42A3-9474-1A3956D46DE8}") = "Icons", "Icons", "{3A826461-4C70-485B-91A0-A60C9F61099C}"
	ProjectSection(SolutionItems) = preProject
		assets\icons\iNKORE.ico = assets\icons\iNKORE.ico
	EndProjectSection
EndProject
Global
	GlobalSection(SolutionConfigurationPlatforms) = preSolution
		Debug|Any CPU = Debug|Any CPU
		Release|Any CPU = Release|Any CPU
	EndGlobalSection
	GlobalSection(ProjectConfigurationPlatforms) = postSolution
		{00F1DBB1-6BF8-43DE-AA15-57A043E34F45}.Debug|Any CPU.ActiveCfg = Debug|Any CPU
		{00F1DBB1-6BF8-43DE-AA15-57A043E34F45}.Debug|Any CPU.Build.0 = Debug|Any CPU
		{00F1DBB1-6BF8-43DE-AA15-57A043E34F45}.Release|Any CPU.ActiveCfg = Release|Any CPU
		{00F1DBB1-6BF8-43DE-AA15-57A043E34F45}.Release|Any CPU.Build.0 = Release|Any CPU
		{2B366078-A593-4A0C-962A-4BD47E92F690}.Debug|Any CPU.ActiveCfg = Debug|Any CPU
		{2B366078-A593-4A0C-962A-4BD47E92F690}.Debug|Any CPU.Build.0 = Debug|Any CPU
		{2B366078-A593-4A0C-962A-4BD47E92F690}.Release|Any CPU.ActiveCfg = Release|Any CPU
		{2B366078-A593-4A0C-962A-4BD47E92F690}.Release|Any CPU.Build.0 = Release|Any CPU
		{4C856D42-5CAC-4807-B17D-03593A831C46}.Debug|Any CPU.ActiveCfg = Debug|Any CPU
		{4C856D42-5CAC-4807-B17D-03593A831C46}.Debug|Any CPU.Build.0 = Debug|Any CPU
		{4C856D42-5CAC-4807-B17D-03593A831C46}.Release|Any CPU.ActiveCfg = Release|Any CPU
		{4C856D42-5CAC-4807-B17D-03593A831C46}.Release|Any CPU.Build.0 = Release|Any CPU
		{23EA127C-FA5F-4C34-982B-FE943732408E}.Debug|Any CPU.ActiveCfg = Debug|Any CPU
		{23EA127C-FA5F-4C34-982B-FE943732408E}.Debug|Any CPU.Build.0 = Debug|Any CPU
		{23EA127C-FA5F-4C34-982B-FE943732408E}.Release|Any CPU.ActiveCfg = Release|Any CPU
		{23EA127C-FA5F-4C34-982B-FE943732408E}.Release|Any CPU.Build.0 = Release|Any CPU
		{9EEDA535-DB37-4A49-BFB6-8BF05C825BA5}.Debug|Any CPU.ActiveCfg = Debug|Any CPU
		{9EEDA535-DB37-4A49-BFB6-8BF05C825BA5}.Debug|Any CPU.Build.0 = Debug|Any CPU
		{9EEDA535-DB37-4A49-BFB6-8BF05C825BA5}.Release|Any CPU.ActiveCfg = Release|Any CPU
		{9EEDA535-DB37-4A49-BFB6-8BF05C825BA5}.Release|Any CPU.Build.0 = Release|Any CPU
		{6D915265-10E6-415F-BD06-DCC3F4BE99DE}.Debug|Any CPU.ActiveCfg = Debug|Any CPU
		{6D915265-10E6-415F-BD06-DCC3F4BE99DE}.Debug|Any CPU.Build.0 = Debug|Any CPU
		{6D915265-10E6-415F-BD06-DCC3F4BE99DE}.Release|Any CPU.ActiveCfg = Release|Any CPU
		{6D915265-10E6-415F-BD06-DCC3F4BE99DE}.Release|Any CPU.Build.0 = Release|Any CPU
	EndGlobalSection
	GlobalSection(SolutionProperties) = preSolution
		HideSolutionNode = FALSE
	EndGlobalSection
	GlobalSection(NestedProjects) = preSolution
		{4C856D42-5CAC-4807-B17D-03593A831C46} = {FA82A6BE-C599-4137-A383-5FCB586243C1}
		{23EA127C-FA5F-4C34-982B-FE943732408E} = {FA82A6BE-C599-4137-A383-5FCB586243C1}
		{9EEDA535-DB37-4A49-BFB6-8BF05C825BA5} = {FA82A6BE-C599-4137-A383-5FCB586243C1}
		{6D915265-10E6-415F-BD06-DCC3F4BE99DE} = {FA82A6BE-C599-4137-A383-5FCB586243C1}
		{63E7465B-B196-46F6-87DE-F4599B2013AB} = {939973C6-0BC5-456A-8E10-B65CC2A78434}
		{3A826461-4C70-485B-91A0-A60C9F61099C} = {939973C6-0BC5-456A-8E10-B65CC2A78434}
	EndGlobalSection
	GlobalSection(ExtensibilityGlobals) = postSolution
		SolutionGuid = {89E7F359-04D7-406C-956E-381B22D44170}
	EndGlobalSection
EndGlobal
